<?xml version="1.0" encoding="utf-8"?>
<Project ToolsVersion="4.0" xmlns="http://schemas.microsoft.com/developer/msbuild/2003">
  <ItemGroup>
    <Filter Include="Screens">
      <UniqueIdentifier>{8359ab56-8138-4902-9adf-ddab90cfba2e}</UniqueIdentifier>
    </Filter>
    <Filter Include="Game">
      <UniqueIdentifier>{32d91ae0-7141-43df-b6ae-8e5f7ffb026a}</UniqueIdentifier>
    </Filter>
  </ItemGroup>
  <ItemGroup>
    <ClCompile Include="..\src\main.cpp" />
    <ClCompile Include="..\src\Game\GameController.cpp">
      <Filter>Game</Filter>
    </ClCompile>
    <ClCompile Include="..\src\Game\GamePlay.cpp">
      <Filter>Game</Filter>
    </ClCompile>
    <ClCompile Include="..\src\Screens\Menu.cpp">
      <Filter>Screens</Filter>
    </ClCompile>
    <ClCompile Include="..\src\Screens\Credits.cpp">
      <Filter>Screens</Filter>
    </ClCompile>
    <ClCompile Include="..\src\Screens\GameOver.cpp">
      <Filter>Screens</Filter>
    </ClCompile>
  </ItemGroup>
  <ItemGroup>
    <ClInclude Include="..\src\Game\GameController.h">
      <Filter>Game</Filter>
    </ClInclude>
    <ClInclude Include="..\src\Game\GamePlay.h">
      <Filter>Game</Filter>
    </ClInclude>
    <ClInclude Include="..\src\Screens\Menu.h">
      <Filter>Screens</Filter>
    </ClInclude>
    <ClInclude Include="..\src\Screens\Credits.h">
      <Filter>Screens</Filter>
    </ClInclude>
    <ClInclude Include="..\src\Screens\GameOver.h">
      <Filter>Screens</Filter>
    </ClInclude>
  </ItemGroup>
</Project>